# generated by rye
# use `rye lock` or `rye sync` to update this lockfile
#
# last locked with the following flags:
#   pre: false
#   features: []
#   all-features: false
#   with-sources: false
#   generate-hashes: false

-e file:.
affine==2.4.0
    # via rasterio
aiosqlite==0.20.0
    # via whombat
alembic==1.13.1
    # via whombat
annotated-types==0.6.0
    # via pydantic
anyio==4.3.0
    # via httpx
    # via starlette
    # via watchfiles
appdirs==1.4.4
    # via crowsetta
asyncache==0.3.1
    # via whombat
attrs==23.2.0
    # via crowsetta
    # via rasterio
bcrypt==4.0.1
    # via passlib
    # via whombat
birdsong-recognition-dataset==0.3.2.post1
    # via crowsetta
cachetools==5.3.3
    # via asyncache
    # via whombat
certifi==2024.2.2
    # via httpcore
    # via httpx
    # via rasterio
cffi==1.16.0
    # via cryptography
    # via soundfile
click==8.1.7
    # via click-plugins
    # via cligj
    # via rasterio
    # via typer
    # via uvicorn
click-plugins==1.1.1
    # via rasterio
cligj==0.7.2
    # via rasterio
colorama==0.4.6
    # via whombat
contourpy==1.2.1
    # via matplotlib
crowsetta==4.0.0.post2
    # via soundevent
cryptography==42.0.7
    # via pyjwt
cycler==0.12.1
    # via matplotlib
cython==3.0.10
    # via soundevent
dnspython==2.6.1
    # via email-validator
email-validator==2.1.1
    # via fastapi
    # via fastapi-users
    # via soundevent
evfuncs==0.3.5.post1
    # via crowsetta
fastapi==0.111.0
    # via fastapi-cli
    # via fastapi-pagination
    # via fastapi-users
    # via whombat
fastapi-cli==0.0.3
    # via fastapi
fastapi-pagination==0.12.24
    # via whombat
fastapi-users==12.1.3
    # via fastapi-users-db-sqlalchemy
    # via whombat
fastapi-users-db-sqlalchemy==6.0.1
    # via fastapi-users
fonttools==4.51.0
    # via matplotlib
greenlet==3.0.3
    # via sqlalchemy
h11==0.14.0
    # via httpcore
    # via uvicorn
httpcore==1.0.5
    # via httpx
httptools==0.6.1
    # via uvicorn
httpx==0.27.0
    # via fastapi
idna==3.7
    # via anyio
    # via email-validator
    # via httpx
importlib-resources==6.4.0
    # via crowsetta
jinja2==3.1.4
    # via fastapi
joblib==1.4.2
    # via scikit-learn
kiwisolver==1.4.5
    # via matplotlib
makefun==1.15.2
    # via fastapi-users
mako==1.3.5
    # via alembic
markdown-it-py==3.0.0
    # via rich
markupsafe==2.1.5
    # via jinja2
    # via mako
matplotlib==3.9.0
    # via soundevent
mdurl==0.1.2
    # via markdown-it-py
multimethod==1.10
    # via pandera
mypy-extensions==1.0.0
    # via typing-inspect
numpy==1.26.4
    # via birdsong-recognition-dataset
    # via contourpy
    # via crowsetta
    # via evfuncs
    # via matplotlib
    # via pandas
    # via pandera
    # via rasterio
    # via scikit-learn
    # via scipy
    # via shapely
    # via snuggs
    # via xarray
orjson==3.10.3
    # via fastapi
packaging==24.0
    # via matplotlib
    # via pandera
    # via xarray
pandas==2.2.2
    # via crowsetta
    # via pandera
    # via xarray
pandera==0.19.3
    # via crowsetta
passlib==1.7.4
    # via fastapi-users
    # via whombat
pillow==10.3.0
    # via matplotlib
pycparser==2.22
    # via cffi
pydantic==2.7.1
    # via fastapi
    # via fastapi-pagination
    # via pandera
    # via pydantic-settings
    # via soundevent
pydantic-core==2.18.2
    # via pydantic
pydantic-settings==2.2.1
    # via whombat
pygments==2.18.0
    # via rich
pyjwt==2.8.0
    # via fastapi-users
pyparsing==3.1.2
    # via matplotlib
    # via snuggs
python-dateutil==2.9.0.post0
    # via matplotlib
    # via pandas
python-dotenv==1.0.1
    # via pydantic-settings
    # via uvicorn
python-multipart==0.0.7
    # via fastapi
    # via fastapi-users
pytz==2024.1
    # via pandas
pyyaml==6.0.1
    # via uvicorn
rasterio==1.3.10
    # via soundevent
rich==13.7.1
    # via typer
scikit-learn==1.4.2
    # via soundevent
scipy==1.13.0
    # via crowsetta
    # via evfuncs
    # via scikit-learn
    # via soundevent
setuptools==69.5.1
    # via rasterio
shapely==2.0.4
    # via soundevent
shellingham==1.5.4
    # via typer
six==1.16.0
    # via python-dateutil
sniffio==1.3.1
    # via anyio
    # via httpx
snuggs==1.4.7
    # via rasterio
soundevent==2.0.1
    # via whombat
soundfile==0.12.1
    # via crowsetta
    # via soundevent
sqlalchemy==2.0.30
    # via alembic
    # via fastapi-users-db-sqlalchemy
starlette==0.37.2
    # via fastapi
threadpoolctl==3.5.0
    # via scikit-learn
typeguard==4.2.1
    # via pandera
typer==0.12.3
    # via fastapi-cli
typing-extensions==4.11.0
    # via aiosqlite
    # via alembic
    # via fastapi
    # via fastapi-pagination
    # via pydantic
    # via pydantic-core
    # via sqlalchemy
    # via typeguard
    # via typer
    # via typing-inspect
typing-inspect==0.9.0
    # via pandera
tzdata==2024.1
    # via pandas
ujson==5.10.0
    # via fastapi
uvicorn==0.29.0
    # via fastapi
    # via fastapi-cli
    # via whombat
uvloop==0.19.0
    # via uvicorn
watchfiles==0.21.0
    # via uvicorn
websockets==12.0
    # via uvicorn
wrapt==1.16.0
    # via pandera
xarray==2024.5.0
    # via soundevent
